{
  "requires": true,
  "lockfileVersion": 1,
  "dependencies": {
    "@types/bluebird": {
      "version": "3.5.20",
      "resolved": "https://registry.npmjs.org/@types/bluebird/-/bluebird-3.5.20.tgz",
      "integrity": "sha512-Wk41MVdF+cHBfVXj/ufUHJeO3BlIQr1McbHZANErMykaCWeDSZbH5erGjNBw2/3UlRdSxZbLfSuQTzFmPOYFsA==",
      "dev": true
    },
    "@types/events": {
      "version": "1.2.0",
      "resolved": "https://registry.npmjs.org/@types/events/-/events-1.2.0.tgz",
      "integrity": "sha512-KEIlhXnIutzKwRbQkGWb/I4HFqBuUykAdHgDED6xqwXJfONCjF5VoE0cXEiurh3XauygxzeDzgtXUqvLkxFzzA==",
      "dev": true
    },
    "@types/jwt-simple": {
      "version": "0.5.33",
      "resolved": "https://registry.npmjs.org/@types/jwt-simple/-/jwt-simple-0.5.33.tgz",
      "integrity": "sha1-+4Ocq+gUN5VPfQzQF2CtgJbsUm4=",
      "dev": true
    },
    "@types/knex": {
      "version": "0.14.14",
      "resolved": "https://registry.npmjs.org/@types/knex/-/knex-0.14.14.tgz",
      "integrity": "sha512-BL9MnI0SnDbk6NbYRMPtUt8CRtQBu3zP0jPOUGA0htR5c4I9yGBI1xr+N9OyaruSrQOsfdfxFeFpkDYy+YHbpA==",
      "dev": true,
      "requires": {
        "@types/bluebird": "3.5.20",
        "@types/events": "1.2.0",
        "@types/node": "10.1.4"
      }
    },
    "@types/node": {
      "version": "10.1.4",
      "resolved": "https://registry.npmjs.org/@types/node/-/node-10.1.4.tgz",
      "integrity": "sha512-GpQxofkdlHYxjHad98UUdNoMO7JrmzQZoAaghtNg14Gwg7YkohcrCoJEcEMSgllx4VIZ+mYw7ZHjfaeIagP/rg==",
      "dev": true
    }
  }
}
